
Microsoft Visual Studio Solution File, Format Version 12.00
# Visual Studio 15
VisualStudioVersion = 15.0.27428.2043
MinimumVisualStudioVersion = 10.0.40219.1
Project("{888888A0-9F3D-457C-B088-3A5042F75D52}") = "BasicProject", "BasicProject\BasicProject.pyproj", "{5E110F70-7923-4713-B933-C7CF5E390FC3}"
EndProject
Global
	GlobalSection(SolutionConfigurationPlatforms) = preSolution
		Debug|Any CPU = Debug|Any CPU
		Release|Any CPU = Release|Any CPU
	EndGlobalSection
	GlobalSection(ProjectConfigurationPlatforms) = postSolution
		{5E110F70-7923-4713-B933-C7CF5E390FC3}.Debug|Any CPU.ActiveCfg = Debug|Any CPU
		{5E110F70-7923-4713-B933-C7CF5E390FC3}.Debug|Any CPU.Build.0 = Debug|Any CPU
		{5E110F70-7923-4713-B933-C7CF5E390FC3}.Release|Any CPU.ActiveCfg = Release|Any CPU
		{5E110F70-7923-4713-B933-C7CF5E390FC3}.Release|Any CPU.Build.0 = Release|Any CPU
	EndGlobalSection
	GlobalSection(SolutionProperties) = preSolution
		HideSolutionNode = FALSE
	EndGlobalSection
	GlobalSection(ExtensibilityGlobals) = postSolution
		SolutionGuid = {AC507DD3-A9F7-4423-8E64-78A570544F14}
	EndGlobalSection
EndGlobal
